
Microsoft Visual Studio Solution File, Format Version 12.00
# Visual Studio Version 17
VisualStudioVersion = 17.9.34714.143
MinimumVisualStudioVersion = 10.0.40219.1
Project("{FAE04EC0-301F-11D3-BF4B-00C04F79EFBC}") = "SpartaDungeon", "SpartaDungeon\SpartaDungeon.csproj", "{7D5D481C-58A0-4C8E-A310-5F3940D69FF6}"
EndProject
Global
	GlobalSection(SolutionConfigurationPlatforms) = preSolution
		Debug|Any CPU = Debug|Any CPU
		Release|Any CPU = Release|Any CPU
	EndGlobalSection
	GlobalSection(ProjectConfigurationPlatforms) = postSolution
		{7D5D481C-58A0-4C8E-A310-5F3940D69FF6}.Debug|Any CPU.ActiveCfg = Debug|Any CPU
		{7D5D481C-58A0-4C8E-A310-5F3940D69FF6}.Debug|Any CPU.Build.0 = Debug|Any CPU
		{7D5D481C-58A0-4C8E-A310-5F3940D69FF6}.Release|Any CPU.ActiveCfg = Release|Any CPU
		{7D5D481C-58A0-4C8E-A310-5F3940D69FF6}.Release|Any CPU.Build.0 = Release|Any CPU
	EndGlobalSection
	GlobalSection(SolutionProperties) = preSolution
		HideSolutionNode = FALSE
	EndGlobalSection
	GlobalSection(ExtensibilityGlobals) = postSolution
		SolutionGuid = {452334C9-122E-4031-95EF-5D667FA10013}
	EndGlobalSection
EndGlobal
